
Microsoft Visual Studio Solution File, Format Version 12.00
# Visual Studio 15
Project("{FAE04EC0-301F-11D3-BF4B-00C04F79EFBC}") = "Assembly-CSharp", "Assembly-CSharp.csproj", "{6CB94C02-DE00-E5B5-A440-FA778A33747D}"
EndProject
Global
	GlobalSection(SolutionConfigurationPlatforms) = preSolution
		Debug|Any CPU = Debug|Any CPU
		Release|Any CPU = Release|Any CPU
	EndGlobalSection
	GlobalSection(ProjectConfigurationPlatforms) = postSolution
		{6CB94C02-DE00-E5B5-A440-FA778A33747D}.Debug|Any CPU.ActiveCfg = Debug|Any CPU
		{6CB94C02-DE00-E5B5-A440-FA778A33747D}.Debug|Any CPU.Build.0 = Debug|Any CPU
		{6CB94C02-DE00-E5B5-A440-FA778A33747D}.Release|Any CPU.ActiveCfg = Release|Any CPU
		{6CB94C02-DE00-E5B5-A440-FA778A33747D}.Release|Any CPU.Build.0 = Release|Any CPU
	EndGlobalSection
	GlobalSection(SolutionProperties) = preSolution
		HideSolutionNode = FALSE
	EndGlobalSection
EndGlobal
